
Microsoft Visual Studio Solution File, Format Version 12.00
# Visual Studio Version 17
VisualStudioVersion = 17.11.34929.205
MinimumVisualStudioVersion = 10.0.40219.1
Project("{FAE04EC0-301F-11D3-BF4B-00C04F79EFBC}") = "HRMSystem.API", "HRMSystem.API\HRMSystem.API.csproj", "{659E31D7-9230-4FA3-B9CC-5D3391C2E80F}"
EndProject
Global
	GlobalSection(SolutionConfigurationPlatforms) = preSolution
		Debug|Any CPU = Debug|Any CPU
		Release|Any CPU = Release|Any CPU
	EndGlobalSection
	GlobalSection(ProjectConfigurationPlatforms) = postSolution
		{659E31D7-9230-4FA3-B9CC-5D3391C2E80F}.Debug|Any CPU.ActiveCfg = Debug|Any CPU
		{659E31D7-9230-4FA3-B9CC-5D3391C2E80F}.Debug|Any CPU.Build.0 = Debug|Any CPU
		{659E31D7-9230-4FA3-B9CC-5D3391C2E80F}.Release|Any CPU.ActiveCfg = Release|Any CPU
		{659E31D7-9230-4FA3-B9CC-5D3391C2E80F}.Release|Any CPU.Build.0 = Release|Any CPU
	EndGlobalSection
	GlobalSection(SolutionProperties) = preSolution
		HideSolutionNode = FALSE
	EndGlobalSection
	GlobalSection(ExtensibilityGlobals) = postSolution
		SolutionGuid = {26266019-8958-49F6-93F7-C763EAC63995}
	EndGlobalSection
EndGlobal
